
Microsoft Visual Studio Solution File, Format Version 12.00
# Visual Studio 15
VisualStudioVersion = 15.0.28307.136
MinimumVisualStudioVersion = 10.0.40219.1
Project("{FAE04EC0-301F-11D3-BF4B-00C04F79EFBC}") = "DementiApp.Android", "DemantiApp\DemantiApp.Android\DementiApp.Android.csproj", "{4AC0B5E7-2D0E-4BD1-B849-6C7949D3C80A}"
EndProject
Project("{FAE04EC0-301F-11D3-BF4B-00C04F79EFBC}") = "DementiApp.iOS", "DemantiApp\DemantiApp.iOS\DementiApp.iOS.csproj", "{9A06F8BC-A290-461C-A012-3031E39639AD}"
EndProject
Project("{FAE04EC0-301F-11D3-BF4B-00C04F79EFBC}") = "DementiApp.UWP", "DemantiApp\DemantiApp.UWP\DementiApp.UWP.csproj", "{91631561-6A38-4756-B465-4E71C74A0693}"
EndProject
Project("{FAE04EC0-301F-11D3-BF4B-00C04F79EFBC}") = "DementiApp", "DemantiApp\DemantiApp\DementiApp.csproj", "{BF6BCFE6-7862-4B9F-878E-B3DBDA6AF1BB}"
EndProject
Global
	GlobalSection(SolutionConfigurationPlatforms) = preSolution
		Ad-Hoc|Any CPU = Ad-Hoc|Any CPU
		Ad-Hoc|ARM = Ad-Hoc|ARM
		Ad-Hoc|iPhone = Ad-Hoc|iPhone
		Ad-Hoc|iPhoneSimulator = Ad-Hoc|iPhoneSimulator
		Ad-Hoc|x64 = Ad-Hoc|x64
		Ad-Hoc|x86 = Ad-Hoc|x86
		AppStore|Any CPU = AppStore|Any CPU
		AppStore|ARM = AppStore|ARM
		AppStore|iPhone = AppStore|iPhone
		AppStore|iPhoneSimulator = AppStore|iPhoneSimulator
		AppStore|x64 = AppStore|x64
		AppStore|x86 = AppStore|x86
		Debug|Any CPU = Debug|Any CPU
		Debug|ARM = Debug|ARM
		Debug|iPhone = Debug|iPhone
		Debug|iPhoneSimulator = Debug|iPhoneSimulator
		Debug|x64 = Debug|x64
		Debug|x86 = Debug|x86
		Release|Any CPU = Release|Any CPU
		Release|ARM = Release|ARM
		Release|iPhone = Release|iPhone
		Release|iPhoneSimulator = Release|iPhoneSimulator
		Release|x64 = Release|x64
		Release|x86 = Release|x86
	EndGlobalSection
	GlobalSection(ProjectConfigurationPlatforms) = postSolution
		{4AC0B5E7-2D0E-4BD1-B849-6C7949D3C80A}.Ad-Hoc|Any CPU.ActiveCfg = Release|Any CPU
		{4AC0B5E7-2D0E-4BD1-B849-6C7949D3C80A}.Ad-Hoc|Any CPU.Build.0 = Release|Any CPU
		{4AC0B5E7-2D0E-4BD1-B849-6C7949D3C80A}.Ad-Hoc|Any CPU.Deploy.0 = Release|Any CPU
		{4AC0B5E7-2D0E-4BD1-B849-6C7949D3C80A}.Ad-Hoc|ARM.ActiveCfg = Release|Any CPU
		{4AC0B5E7-2D0E-4BD1-B849-6C7949D3C80A}.Ad-Hoc|ARM.Build.0 = Release|Any CPU
		{4AC0B5E7-2D0E-4BD1-B849-6C7949D3C80A}.Ad-Hoc|ARM.Deploy.0 = Release|Any CPU
		{4AC0B5E7-2D0E-4BD1-B849-6C7949D3C80A}.Ad-Hoc|iPhone.ActiveCfg = Release|Any CPU
		{4AC0B5E7-2D0E-4BD1-B849-6C7949D3C80A}.Ad-Hoc|iPhone.Build.0 = Release|Any CPU
		{4AC0B5E7-2D0E-4BD1-B849-6C7949D3C80A}.Ad-Hoc|iPhone.Deploy.0 = Release|Any CPU
		{4AC0B5E7-2D0E-4BD1-B849-6C7949D3C80A}.Ad-Hoc|iPhoneSimulator.ActiveCfg = Release|Any CPU
		{4AC0B5E7-2D0E-4BD1-B849-6C7949D3C80A}.Ad-Hoc|iPhoneSimulator.Build.0 = Release|Any CPU
		{4AC0B5E7-2D0E-4BD1-B849-6C7949D3C80A}.Ad-Hoc|iPhoneSimulator.Deploy.0 = Release|Any CPU
		{4AC0B5E7-2D0E-4BD1-B849-6C7949D3C80A}.Ad-Hoc|x64.ActiveCfg = Release|Any CPU
		{4AC0B5E7-2D0E-4BD1-B849-6C7949D3C80A}.Ad-Hoc|x64.Build.0 = Release|Any CPU
		{4AC0B5E7-2D0E-4BD1-B849-6C7949D3C80A}.Ad-Hoc|x64.Deploy.0 = Release|Any CPU
		{4AC0B5E7-2D0E-4BD1-B849-6C7949D3C80A}.Ad-Hoc|x86.ActiveCfg = Release|Any CPU
		{4AC0B5E7-2D0E-4BD1-B849-6C7949D3C80A}.Ad-Hoc|x86.Build.0 = Release|Any CPU
		{4AC0B5E7-2D0E-4BD1-B849-6C7949D3C80A}.Ad-Hoc|x86.Deploy.0 = Release|Any CPU
		{4AC0B5E7-2D0E-4BD1-B849-6C7949D3C80A}.AppStore|Any CPU.ActiveCfg = Release|Any CPU
		{4AC0B5E7-2D0E-4BD1-B849-6C7949D3C80A}.AppStore|Any CPU.Build.0 = Release|Any CPU
		{4AC0B5E7-2D0E-4BD1-B849-6C7949D3C80A}.AppStore|Any CPU.Deploy.0 = Release|Any CPU
		{4AC0B5E7-2D0E-4BD1-B849-6C7949D3C80A}.AppStore|ARM.ActiveCfg = Release|Any CPU
		{4AC0B5E7-2D0E-4BD1-B849-6C7949D3C80A}.AppStore|ARM.Build.0 = Release|Any CPU
		{4AC0B5E7-2D0E-4BD1-B849-6C7949D3C80A}.AppStore|ARM.Deploy.0 = Release|Any CPU
		{4AC0B5E7-2D0E-4BD1-B849-6C7949D3C80A}.AppStore|iPhone.ActiveCfg = Release|Any CPU
		{4AC0B5E7-2D0E-4BD1-B849-6C7949D3C80A}.AppStore|iPhone.Build.0 = Release|Any CPU
		{4AC0B5E7-2D0E-4BD1-B849-6C7949D3C80A}.AppStore|iPhone.Deploy.0 = Release|Any CPU
		{4AC0B5E7-2D0E-4BD1-B849-6C7949D3C80A}.AppStore|iPhoneSimulator.ActiveCfg = Release|Any CPU
		{4AC0B5E7-2D0E-4BD1-B849-6C7949D3C80A}.AppStore|iPhoneSimulator.Build.0 = Release|Any CPU
		{4AC0B5E7-2D0E-4BD1-B849-6C7949D3C80A}.AppStore|iPhoneSimulator.Deploy.0 = Release|Any CPU
		{4AC0B5E7-2D0E-4BD1-B849-6C7949D3C80A}.AppStore|x64.ActiveCfg = Release|Any CPU
		{4AC0B5E7-2D0E-4BD1-B849-6C7949D3C80A}.AppStore|x64.Build.0 = Release|Any CPU
		{4AC0B5E7-2D0E-4BD1-B849-6C7949D3C80A}.AppStore|x64.Deploy.0 = Release|Any CPU
		{4AC0B5E7-2D0E-4BD1-B849-6C7949D3C80A}.AppStore|x86.ActiveCfg = Release|Any CPU
		{4AC0B5E7-2D0E-4BD1-B849-6C7949D3C80A}.AppStore|x86.Build.0 = Release|Any CPU
		{4AC0B5E7-2D0E-4BD1-B849-6C7949D3C80A}.AppStore|x86.Deploy.0 = Release|Any CPU
		{4AC0B5E7-2D0E-4BD1-B849-6C7949D3C80A}.Debug|Any CPU.ActiveCfg = Debug|Any CPU
		{4AC0B5E7-2D0E-4BD1-B849-6C7949D3C80A}.Debug|Any CPU.Build.0 = Debug|Any CPU
		{4AC0B5E7-2D0E-4BD1-B849-6C7949D3C80A}.Debug|Any CPU.Deploy.0 = Debug|Any CPU
		{4AC0B5E7-2D0E-4BD1-B849-6C7949D3C80A}.Debug|ARM.ActiveCfg = Debug|Any CPU
		{4AC0B5E7-2D0E-4BD1-B849-6C7949D3C80A}.Debug|ARM.Build.0 = Debug|Any CPU
		{4AC0B5E7-2D0E-4BD1-B849-6C7949D3C80A}.Debug|ARM.Deploy.0 = Debug|Any CPU
		{4AC0B5E7-2D0E-4BD1-B849-6C7949D3C80A}.Debug|iPhone.ActiveCfg = Debug|Any CPU
		{4AC0B5E7-2D0E-4BD1-B849-6C7949D3C80A}.Debug|iPhone.Build.0 = Debug|Any CPU
		{4AC0B5E7-2D0E-4BD1-B849-6C7949D3C80A}.Debug|iPhone.Deploy.0 = Debug|Any CPU
		{4AC0B5E7-2D0E-4BD1-B849-6C7949D3C80A}.Debug|iPhoneSimulator.ActiveCfg = Debug|Any CPU
		{4AC0B5E7-2D0E-4BD1-B849-6C7949D3C80A}.Debug|iPhoneSimulator.Build.0 = Debug|Any CPU
		{4AC0B5E7-2D0E-4BD1-B849-6C7949D3C80A}.Debug|iPhoneSimulator.Deploy.0 = Debug|Any CPU
		{4AC0B5E7-2D0E-4BD1-B849-6C7949D3C80A}.Debug|x64.ActiveCfg = Debug|Any CPU
		{4AC0B5E7-2D0E-4BD1-B849-6C7949D3C80A}.Debug|x64.Build.0 = Debug|Any CPU
		{4AC0B5E7-2D0E-4BD1-B849-6C7949D3C80A}.Debug|x64.Deploy.0 = Debug|Any CPU
		{4AC0B5E7-2D0E-4BD1-B849-6C7949D3C80A}.Debug|x86.ActiveCfg = Debug|Any CPU
		{4AC0B5E7-2D0E-4BD1-B849-6C7949D3C80A}.Debug|x86.Build.0 = Debug|Any CPU
		{4AC0B5E7-2D0E-4BD1-B849-6C7949D3C80A}.Debug|x86.Deploy.0 = Debug|Any CPU
		{4AC0B5E7-2D0E-4BD1-B849-6C7949D3C80A}.Release|Any CPU.ActiveCfg = Release|Any CPU
		{4AC0B5E7-2D0E-4BD1-B849-6C7949D3C80A}.Release|Any CPU.Build.0 = Release|Any CPU
		{4AC0B5E7-2D0E-4BD1-B849-6C7949D3C80A}.Release|Any CPU.Deploy.0 = Release|Any CPU
		{4AC0B5E7-2D0E-4BD1-B849-6C7949D3C80A}.Release|ARM.ActiveCfg = Release|Any CPU
		{4AC0B5E7-2D0E-4BD1-B849-6C7949D3C80A}.Release|ARM.Build.0 = Release|Any CPU
		{4AC0B5E7-2D0E-4BD1-B849-6C7949D3C80A}.Release|ARM.Deploy.0 = Release|Any CPU
		{4AC0B5E7-2D0E-4BD1-B849-6C7949D3C80A}.Release|iPhone.ActiveCfg = Release|Any CPU
		{4AC0B5E7-2D0E-4BD1-B849-6C7949D3C80A}.Release|iPhone.Build.0 = Release|Any CPU
		{4AC0B5E7-2D0E-4BD1-B849-6C7949D3C80A}.Release|iPhone.Deploy.0 = Release|Any CPU
		{4AC0B5E7-2D0E-4BD1-B849-6C7949D3C80A}.Release|iPhoneSimulator.ActiveCfg = Release|Any CPU
		{4AC0B5E7-2D0E-4BD1-B849-6C7949D3C80A}.Release|iPhoneSimulator.Build.0 = Release|Any CPU
		{4AC0B5E7-2D0E-4BD1-B849-6C7949D3C80A}.Release|iPhoneSimulator.Deploy.0 = Release|Any CPU
		{4AC0B5E7-2D0E-4BD1-B849-6C7949D3C80A}.Release|x64.ActiveCfg = Release|Any CPU
		{4AC0B5E7-2D0E-4BD1-B849-6C7949D3C80A}.Release|x64.Build.0 = Release|Any CPU
		{4AC0B5E7-2D0E-4BD1-B849-6C7949D3C80A}.Release|x64.Deploy.0 = Release|Any CPU
		{4AC0B5E7-2D0E-4BD1-B849-6C7949D3C80A}.Release|x86.ActiveCfg = Release|Any CPU
		{4AC0B5E7-2D0E-4BD1-B849-6C7949D3C80A}.Release|x86.Build.0 = Release|Any CPU
		{4AC0B5E7-2D0E-4BD1-B849-6C7949D3C80A}.Release|x86.Deploy.0 = Release|Any CPU
		{9A06F8BC-A290-461C-A012-3031E39639AD}.Ad-Hoc|Any CPU.ActiveCfg = Ad-Hoc|iPhone
		{9A06F8BC-A290-461C-A012-3031E39639AD}.Ad-Hoc|Any CPU.Build.0 = Ad-Hoc|iPhone
		{9A06F8BC-A290-461C-A012-3031E39639AD}.Ad-Hoc|Any CPU.Deploy.0 = Ad-Hoc|iPhone
		{9A06F8BC-A290-461C-A012-3031E39639AD}.Ad-Hoc|ARM.ActiveCfg = Ad-Hoc|iPhone
		{9A06F8BC-A290-461C-A012-3031E39639AD}.Ad-Hoc|ARM.Build.0 = Ad-Hoc|iPhone
		{9A06F8BC-A290-461C-A012-3031E39639AD}.Ad-Hoc|ARM.Deploy.0 = Ad-Hoc|iPhone
		{9A06F8BC-A290-461C-A012-3031E39639AD}.Ad-Hoc|iPhone.ActiveCfg = Ad-Hoc|iPhone
		{9A06F8BC-A290-461C-A012-3031E39639AD}.Ad-Hoc|iPhone.Build.0 = Ad-Hoc|iPhone
		{9A06F8BC-A290-461C-A012-3031E39639AD}.Ad-Hoc|iPhone.Deploy.0 = Ad-Hoc|iPhone
		{9A06F8BC-A290-461C-A012-3031E39639AD}.Ad-Hoc|iPhoneSimulator.ActiveCfg = Ad-Hoc|iPhoneSimulator
		{9A06F8BC-A290-461C-A012-3031E39639AD}.Ad-Hoc|iPhoneSimulator.Build.0 = Ad-Hoc|iPhoneSimulator
		{9A06F8BC-A290-461C-A012-3031E39639AD}.Ad-Hoc|iPhoneSimulator.Deploy.0 = Ad-Hoc|iPhoneSimulator
		{9A06F8BC-A290-461C-A012-3031E39639AD}.Ad-Hoc|x64.ActiveCfg = Ad-Hoc|iPhone
		{9A06F8BC-A290-461C-A012-3031E39639AD}.Ad-Hoc|x64.Build.0 = Ad-Hoc|iPhone
		{9A06F8BC-A290-461C-A012-3031E39639AD}.Ad-Hoc|x64.Deploy.0 = Ad-Hoc|iPhone
		{9A06F8BC-A290-461C-A012-3031E39639AD}.Ad-Hoc|x86.ActiveCfg = Ad-Hoc|iPhone
		{9A06F8BC-A290-461C-A012-3031E39639AD}.Ad-Hoc|x86.Build.0 = Ad-Hoc|iPhone
		{9A06F8BC-A290-461C-A012-3031E39639AD}.Ad-Hoc|x86.Deploy.0 = Ad-Hoc|iPhone
		{9A06F8BC-A290-461C-A012-3031E39639AD}.AppStore|Any CPU.ActiveCfg = AppStore|iPhone
		{9A06F8BC-A290-461C-A012-3031E39639AD}.AppStore|Any CPU.Build.0 = AppStore|iPhone
		{9A06F8BC-A290-461C-A012-3031E39639AD}.AppStore|Any CPU.Deploy.0 = AppStore|iPhone
		{9A06F8BC-A290-461C-A012-3031E39639AD}.AppStore|ARM.ActiveCfg = AppStore|iPhone
		{9A06F8BC-A290-461C-A012-3031E39639AD}.AppStore|ARM.Build.0 = AppStore|iPhone
		{9A06F8BC-A290-461C-A012-3031E39639AD}.AppStore|ARM.Deploy.0 = AppStore|iPhone
		{9A06F8BC-A290-461C-A012-3031E39639AD}.AppStore|iPhone.ActiveCfg = AppStore|iPhone
		{9A06F8BC-A290-461C-A012-3031E39639AD}.AppStore|iPhone.Build.0 = AppStore|iPhone
		{9A06F8BC-A290-461C-A012-3031E39639AD}.AppStore|iPhone.Deploy.0 = AppStore|iPhone
		{9A06F8BC-A290-461C-A012-3031E39639AD}.AppStore|iPhoneSimulator.ActiveCfg = AppStore|iPhoneSimulator
		{9A06F8BC-A290-461C-A012-3031E39639AD}.AppStore|iPhoneSimulator.Build.0 = AppStore|iPhoneSimulator
		{9A06F8BC-A290-461C-A012-3031E39639AD}.AppStore|iPhoneSimulator.Deploy.0 = AppStore|iPhoneSimulator
		{9A06F8BC-A290-461C-A012-3031E39639AD}.AppStore|x64.ActiveCfg = AppStore|iPhone
		{9A06F8BC-A290-461C-A012-3031E39639AD}.AppStore|x64.Build.0 = AppStore|iPhone
		{9A06F8BC-A290-461C-A012-3031E39639AD}.AppStore|x64.Deploy.0 = AppStore|iPhone
		{9A06F8BC-A290-461C-A012-3031E39639AD}.AppStore|x86.ActiveCfg = AppStore|iPhone
		{9A06F8BC-A290-461C-A012-3031E39639AD}.AppStore|x86.Build.0 = AppStore|iPhone
		{9A06F8BC-A290-461C-A012-3031E39639AD}.AppStore|x86.Deploy.0 = AppStore|iPhone
		{9A06F8BC-A290-461C-A012-3031E39639AD}.Debug|Any CPU.ActiveCfg = Debug|iPhoneSimulator
		{9A06F8BC-A290-461C-A012-3031E39639AD}.Debug|Any CPU.Build.0 = Debug|iPhoneSimulator
		{9A06F8BC-A290-461C-A012-3031E39639AD}.Debug|Any CPU.Deploy.0 = Debug|iPhoneSimulator
		{9A06F8BC-A290-461C-A012-3031E39639AD}.Debug|ARM.ActiveCfg = Debug|iPhone
		{9A06F8BC-A290-461C-A012-3031E39639AD}.Debug|ARM.Build.0 = Debug|iPhone
		{9A06F8BC-A290-461C-A012-3031E39639AD}.Debug|ARM.Deploy.0 = Debug|iPhone
		{9A06F8BC-A290-461C-A012-3031E39639AD}.Debug|iPhone.ActiveCfg = Debug|iPhone
		{9A06F8BC-A290-461C-A012-3031E39639AD}.Debug|iPhone.Build.0 = Debug|iPhone
		{9A06F8BC-A290-461C-A012-3031E39639AD}.Debug|iPhone.Deploy.0 = Debug|iPhone
		{9A06F8BC-A290-461C-A012-3031E39639AD}.Debug|iPhoneSimulator.ActiveCfg = Debug|iPhoneSimulator
		{9A06F8BC-A290-461C-A012-3031E39639AD}.Debug|iPhoneSimulator.Build.0 = Debug|iPhoneSimulator
		{9A06F8BC-A290-461C-A012-3031E39639AD}.Debug|iPhoneSimulator.Deploy.0 = Debug|iPhoneSimulator
		{9A06F8BC-A290-461C-A012-3031E39639AD}.Debug|x64.ActiveCfg = Debug|iPhone
		{9A06F8BC-A290-461C-A012-3031E39639AD}.Debug|x64.Build.0 = Debug|iPhone
		{9A06F8BC-A290-461C-A012-3031E39639AD}.Debug|x64.Deploy.0 = Debug|iPhone
		{9A06F8BC-A290-461C-A012-3031E39639AD}.Debug|x86.ActiveCfg = Debug|iPhone
		{9A06F8BC-A290-461C-A012-3031E39639AD}.Debug|x86.Build.0 = Debug|iPhone
		{9A06F8BC-A290-461C-A012-3031E39639AD}.Debug|x86.Deploy.0 = Debug|iPhone
		{9A06F8BC-A290-461C-A012-3031E39639AD}.Release|Any CPU.ActiveCfg = Release|iPhone
		{9A06F8BC-A290-461C-A012-3031E39639AD}.Release|Any CPU.Build.0 = Release|iPhone
		{9A06F8BC-A290-461C-A012-3031E39639AD}.Release|Any CPU.Deploy.0 = Release|iPhone
		{9A06F8BC-A290-461C-A012-3031E39639AD}.Release|ARM.ActiveCfg = Release|iPhone
		{9A06F8BC-A290-461C-A012-3031E39639AD}.Release|ARM.Build.0 = Release|iPhone
		{9A06F8BC-A290-461C-A012-3031E39639AD}.Release|ARM.Deploy.0 = Release|iPhone
		{9A06F8BC-A290-461C-A012-3031E39639AD}.Release|iPhone.ActiveCfg = Release|iPhone
		{9A06F8BC-A290-461C-A012-3031E39639AD}.Release|iPhone.Build.0 = Release|iPhone
		{9A06F8BC-A290-461C-A012-3031E39639AD}.Release|iPhone.Deploy.0 = Release|iPhone
		{9A06F8BC-A290-461C-A012-3031E39639AD}.Release|iPhoneSimulator.ActiveCfg = Release|iPhoneSimulator
		{9A06F8BC-A290-461C-A012-3031E39639AD}.Release|iPhoneSimulator.Build.0 = Release|iPhoneSimulator
		{9A06F8BC-A290-461C-A012-3031E39639AD}.Release|iPhoneSimulator.Deploy.0 = Release|iPhoneSimulator
		{9A06F8BC-A290-461C-A012-3031E39639AD}.Release|x64.ActiveCfg = Release|iPhone
		{9A06F8BC-A290-461C-A012-3031E39639AD}.Release|x64.Build.0 = Release|iPhone
		{9A06F8BC-A290-461C-A012-3031E39639AD}.Release|x64.Deploy.0 = Release|iPhone
		{9A06F8BC-A290-461C-A012-3031E39639AD}.Release|x86.ActiveCfg = Release|iPhone
		{9A06F8BC-A290-461C-A012-3031E39639AD}.Release|x86.Build.0 = Release|iPhone
		{9A06F8BC-A290-461C-A012-3031E39639AD}.Release|x86.Deploy.0 = Release|iPhone
		{91631561-6A38-4756-B465-4E71C74A0693}.Ad-Hoc|Any CPU.ActiveCfg = Release|x86
		{91631561-6A38-4756-B465-4E71C74A0693}.Ad-Hoc|Any CPU.Build.0 = Release|x86
		{91631561-6A38-4756-B465-4E71C74A0693}.Ad-Hoc|Any CPU.Deploy.0 = Release|x86
		{91631561-6A38-4756-B465-4E71C74A0693}.Ad-Hoc|ARM.ActiveCfg = Release|ARM
		{91631561-6A38-4756-B465-4E71C74A0693}.Ad-Hoc|ARM.Build.0 = Release|ARM
		{91631561-6A38-4756-B465-4E71C74A0693}.Ad-Hoc|ARM.Deploy.0 = Release|ARM
		{91631561-6A38-4756-B465-4E71C74A0693}.Ad-Hoc|iPhone.ActiveCfg = Release|x86
		{91631561-6A38-4756-B465-4E71C74A0693}.Ad-Hoc|iPhone.Build.0 = Release|x86
		{91631561-6A38-4756-B465-4E71C74A0693}.Ad-Hoc|iPhone.Deploy.0 = Release|x86
		{91631561-6A38-4756-B465-4E71C74A0693}.Ad-Hoc|iPhoneSimulator.ActiveCfg = Release|x86
		{91631561-6A38-4756-B465-4E71C74A0693}.Ad-Hoc|iPhoneSimulator.Build.0 = Release|x86
		{91631561-6A38-4756-B465-4E71C74A0693}.Ad-Hoc|iPhoneSimulator.Deploy.0 = Release|x86
		{91631561-6A38-4756-B465-4E71C74A0693}.Ad-Hoc|x64.ActiveCfg = Release|x64
		{91631561-6A38-4756-B465-4E71C74A0693}.Ad-Hoc|x64.Build.0 = Release|x64
		{91631561-6A38-4756-B465-4E71C74A0693}.Ad-Hoc|x64.Deploy.0 = Release|x64
		{91631561-6A38-4756-B465-4E71C74A0693}.Ad-Hoc|x86.ActiveCfg = Release|x86
		{91631561-6A38-4756-B465-4E71C74A0693}.Ad-Hoc|x86.Build.0 = Release|x86
		{91631561-6A38-4756-B465-4E71C74A0693}.Ad-Hoc|x86.Deploy.0 = Release|x86
		{91631561-6A38-4756-B465-4E71C74A0693}.AppStore|Any CPU.ActiveCfg = Release|x86
		{91631561-6A38-4756-B465-4E71C74A0693}.AppStore|Any CPU.Build.0 = Release|x86
		{91631561-6A38-4756-B465-4E71C74A0693}.AppStore|Any CPU.Deploy.0 = Release|x86
		{91631561-6A38-4756-B465-4E71C74A0693}.AppStore|ARM.ActiveCfg = Release|ARM
		{91631561-6A38-4756-B465-4E71C74A0693}.AppStore|ARM.Build.0 = Release|ARM
		{91631561-6A38-4756-B465-4E71C74A0693}.AppStore|ARM.Deploy.0 = Release|ARM
		{91631561-6A38-4756-B465-4E71C74A0693}.AppStore|iPhone.ActiveCfg = Release|x86
		{91631561-6A38-4756-B465-4E71C74A0693}.AppStore|iPhone.Build.0 = Release|x86
		{91631561-6A38-4756-B465-4E71C74A0693}.AppStore|iPhone.Deploy.0 = Release|x86
		{91631561-6A38-4756-B465-4E71C74A0693}.AppStore|iPhoneSimulator.ActiveCfg = Release|x86
		{91631561-6A38-4756-B465-4E71C74A0693}.AppStore|iPhoneSimulator.Build.0 = Release|x86
		{91631561-6A38-4756-B465-4E71C74A0693}.AppStore|iPhoneSimulator.Deploy.0 = Release|x86
		{91631561-6A38-4756-B465-4E71C74A0693}.AppStore|x64.ActiveCfg = Release|x64
		{91631561-6A38-4756-B465-4E71C74A0693}.AppStore|x64.Build.0 = Release|x64
		{91631561-6A38-4756-B465-4E71C74A0693}.AppStore|x64.Deploy.0 = Release|x64
		{91631561-6A38-4756-B465-4E71C74A0693}.AppStore|x86.ActiveCfg = Release|x86
		{91631561-6A38-4756-B465-4E71C74A0693}.AppStore|x86.Build.0 = Release|x86
		{91631561-6A38-4756-B465-4E71C74A0693}.AppStore|x86.Deploy.0 = Release|x86
		{91631561-6A38-4756-B465-4E71C74A0693}.Debug|Any CPU.ActiveCfg = Debug|x86
		{91631561-6A38-4756-B465-4E71C74A0693}.Debug|Any CPU.Build.0 = Debug|x86
		{91631561-6A38-4756-B465-4E71C74A0693}.Debug|Any CPU.Deploy.0 = Debug|x86
		{91631561-6A38-4756-B465-4E71C74A0693}.Debug|ARM.ActiveCfg = Debug|ARM
		{91631561-6A38-4756-B465-4E71C74A0693}.Debug|ARM.Build.0 = Debug|ARM
		{91631561-6A38-4756-B465-4E71C74A0693}.Debug|ARM.Deploy.0 = Debug|ARM
		{91631561-6A38-4756-B465-4E71C74A0693}.Debug|iPhone.ActiveCfg = Debug|x86
		{91631561-6A38-4756-B465-4E71C74A0693}.Debug|iPhone.Build.0 = Debug|x86
		{91631561-6A38-4756-B465-4E71C74A0693}.Debug|iPhone.Deploy.0 = Debug|x86
		{91631561-6A38-4756-B465-4E71C74A0693}.Debug|iPhoneSimulator.ActiveCfg = Debug|x86
		{91631561-6A38-4756-B465-4E71C74A0693}.Debug|iPhoneSimulator.Build.0 = Debug|x86
		{91631561-6A38-4756-B465-4E71C74A0693}.Debug|iPhoneSimulator.Deploy.0 = Debug|x86
		{91631561-6A38-4756-B465-4E71C74A0693}.Debug|x64.ActiveCfg = Debug|x64
		{91631561-6A38-4756-B465-4E71C74A0693}.Debug|x64.Build.0 = Debug|x64
		{91631561-6A38-4756-B465-4E71C74A0693}.Debug|x64.Deploy.0 = Debug|x64
		{91631561-6A38-4756-B465-4E71C74A0693}.Debug|x86.ActiveCfg = Debug|x86
		{91631561-6A38-4756-B465-4E71C74A0693}.Debug|x86.Build.0 = Debug|x86
		{91631561-6A38-4756-B465-4E71C74A0693}.Debug|x86.Deploy.0 = Debug|x86
		{91631561-6A38-4756-B465-4E71C74A0693}.Release|Any CPU.ActiveCfg = Release|x86
		{91631561-6A38-4756-B465-4E71C74A0693}.Release|Any CPU.Build.0 = Release|x86
		{91631561-6A38-4756-B465-4E71C74A0693}.Release|Any CPU.Deploy.0 = Release|x86
		{91631561-6A38-4756-B465-4E71C74A0693}.Release|ARM.ActiveCfg = Release|ARM
		{91631561-6A38-4756-B465-4E71C74A0693}.Release|ARM.Build.0 = Release|ARM
		{91631561-6A38-4756-B465-4E71C74A0693}.Release|ARM.Deploy.0 = Release|ARM
		{91631561-6A38-4756-B465-4E71C74A0693}.Release|iPhone.ActiveCfg = Release|x86
		{91631561-6A38-4756-B465-4E71C74A0693}.Release|iPhone.Build.0 = Release|x86
		{91631561-6A38-4756-B465-4E71C74A0693}.Release|iPhone.Deploy.0 = Release|x86
		{91631561-6A38-4756-B465-4E71C74A0693}.Release|iPhoneSimulator.ActiveCfg = Release|x86
		{91631561-6A38-4756-B465-4E71C74A0693}.Release|iPhoneSimulator.Build.0 = Release|x86
		{91631561-6A38-4756-B465-4E71C74A0693}.Release|iPhoneSimulator.Deploy.0 = Release|x86
		{91631561-6A38-4756-B465-4E71C74A0693}.Release|x64.ActiveCfg = Release|x64
		{91631561-6A38-4756-B465-4E71C74A0693}.Release|x64.Build.0 = Release|x64
		{91631561-6A38-4756-B465-4E71C74A0693}.Release|x64.Deploy.0 = Release|x64
		{91631561-6A38-4756-B465-4E71C74A0693}.Release|x86.ActiveCfg = Release|x86
		{91631561-6A38-4756-B465-4E71C74A0693}.Release|x86.Build.0 = Release|x86
		{91631561-6A38-4756-B465-4E71C74A0693}.Release|x86.Deploy.0 = Release|x86
		{BF6BCFE6-7862-4B9F-878E-B3DBDA6AF1BB}.Ad-Hoc|Any CPU.ActiveCfg = Debug|Any CPU
		{BF6BCFE6-7862-4B9F-878E-B3DBDA6AF1BB}.Ad-Hoc|Any CPU.Build.0 = Debug|Any CPU
		{BF6BCFE6-7862-4B9F-878E-B3DBDA6AF1BB}.Ad-Hoc|Any CPU.Deploy.0 = Debug|Any CPU
		{BF6BCFE6-7862-4B9F-878E-B3DBDA6AF1BB}.Ad-Hoc|ARM.ActiveCfg = Debug|Any CPU
		{BF6BCFE6-7862-4B9F-878E-B3DBDA6AF1BB}.Ad-Hoc|ARM.Build.0 = Debug|Any CPU
		{BF6BCFE6-7862-4B9F-878E-B3DBDA6AF1BB}.Ad-Hoc|ARM.Deploy.0 = Debug|Any CPU
		{BF6BCFE6-7862-4B9F-878E-B3DBDA6AF1BB}.Ad-Hoc|iPhone.ActiveCfg = Debug|Any CPU
		{BF6BCFE6-7862-4B9F-878E-B3DBDA6AF1BB}.Ad-Hoc|iPhone.Build.0 = Debug|Any CPU
		{BF6BCFE6-7862-4B9F-878E-B3DBDA6AF1BB}.Ad-Hoc|iPhone.Deploy.0 = Debug|Any CPU
		{BF6BCFE6-7862-4B9F-878E-B3DBDA6AF1BB}.Ad-Hoc|iPhoneSimulator.ActiveCfg = Debug|Any CPU
		{BF6BCFE6-7862-4B9F-878E-B3DBDA6AF1BB}.Ad-Hoc|iPhoneSimulator.Build.0 = Debug|Any CPU
		{BF6BCFE6-7862-4B9F-878E-B3DBDA6AF1BB}.Ad-Hoc|iPhoneSimulator.Deploy.0 = Debug|Any CPU
		{BF6BCFE6-7862-4B9F-878E-B3DBDA6AF1BB}.Ad-Hoc|x64.ActiveCfg = Debug|Any CPU
		{BF6BCFE6-7862-4B9F-878E-B3DBDA6AF1BB}.Ad-Hoc|x64.Build.0 = Debug|Any CPU
		{BF6BCFE6-7862-4B9F-878E-B3DBDA6AF1BB}.Ad-Hoc|x64.Deploy.0 = Debug|Any CPU
		{BF6BCFE6-7862-4B9F-878E-B3DBDA6AF1BB}.Ad-Hoc|x86.ActiveCfg = Debug|Any CPU
		{BF6BCFE6-7862-4B9F-878E-B3DBDA6AF1BB}.Ad-Hoc|x86.Build.0 = Debug|Any CPU
		{BF6BCFE6-7862-4B9F-878E-B3DBDA6AF1BB}.Ad-Hoc|x86.Deploy.0 = Debug|Any CPU
		{BF6BCFE6-7862-4B9F-878E-B3DBDA6AF1BB}.AppStore|Any CPU.ActiveCfg = Debug|Any CPU
		{BF6BCFE6-7862-4B9F-878E-B3DBDA6AF1BB}.AppStore|Any CPU.Build.0 = Debug|Any CPU
		{BF6BCFE6-7862-4B9F-878E-B3DBDA6AF1BB}.AppStore|Any CPU.Deploy.0 = Debug|Any CPU
		{BF6BCFE6-7862-4B9F-878E-B3DBDA6AF1BB}.AppStore|ARM.ActiveCfg = Debug|Any CPU
		{BF6BCFE6-7862-4B9F-878E-B3DBDA6AF1BB}.AppStore|ARM.Build.0 = Debug|Any CPU
		{BF6BCFE6-7862-4B9F-878E-B3DBDA6AF1BB}.AppStore|ARM.Deploy.0 = Debug|Any CPU
		{BF6BCFE6-7862-4B9F-878E-B3DBDA6AF1BB}.AppStore|iPhone.ActiveCfg = Debug|Any CPU
		{BF6BCFE6-7862-4B9F-878E-B3DBDA6AF1BB}.AppStore|iPhone.Build.0 = Debug|Any CPU
		{BF6BCFE6-7862-4B9F-878E-B3DBDA6AF1BB}.AppStore|iPhone.Deploy.0 = Debug|Any CPU
		{BF6BCFE6-7862-4B9F-878E-B3DBDA6AF1BB}.AppStore|iPhoneSimulator.ActiveCfg = Debug|Any CPU
		{BF6BCFE6-7862-4B9F-878E-B3DBDA6AF1BB}.AppStore|iPhoneSimulator.Build.0 = Debug|Any CPU
		{BF6BCFE6-7862-4B9F-878E-B3DBDA6AF1BB}.AppStore|iPhoneSimulator.Deploy.0 = Debug|Any CPU
		{BF6BCFE6-7862-4B9F-878E-B3DBDA6AF1BB}.AppStore|x64.ActiveCfg = Debug|Any CPU
		{BF6BCFE6-7862-4B9F-878E-B3DBDA6AF1BB}.AppStore|x64.Build.0 = Debug|Any CPU
		{BF6BCFE6-7862-4B9F-878E-B3DBDA6AF1BB}.AppStore|x64.Deploy.0 = Debug|Any CPU
		{BF6BCFE6-7862-4B9F-878E-B3DBDA6AF1BB}.AppStore|x86.ActiveCfg = Debug|Any CPU
		{BF6BCFE6-7862-4B9F-878E-B3DBDA6AF1BB}.AppStore|x86.Build.0 = Debug|Any CPU
		{BF6BCFE6-7862-4B9F-878E-B3DBDA6AF1BB}.AppStore|x86.Deploy.0 = Debug|Any CPU
		{BF6BCFE6-7862-4B9F-878E-B3DBDA6AF1BB}.Debug|Any CPU.ActiveCfg = Debug|Any CPU
		{BF6BCFE6-7862-4B9F-878E-B3DBDA6AF1BB}.Debug|Any CPU.Build.0 = Debug|Any CPU
		{BF6BCFE6-7862-4B9F-878E-B3DBDA6AF1BB}.Debug|Any CPU.Deploy.0 = Debug|Any CPU
		{BF6BCFE6-7862-4B9F-878E-B3DBDA6AF1BB}.Debug|ARM.ActiveCfg = Debug|Any CPU
		{BF6BCFE6-7862-4B9F-878E-B3DBDA6AF1BB}.Debug|ARM.Build.0 = Debug|Any CPU
		{BF6BCFE6-7862-4B9F-878E-B3DBDA6AF1BB}.Debug|ARM.Deploy.0 = Debug|Any CPU
		{BF6BCFE6-7862-4B9F-878E-B3DBDA6AF1BB}.Debug|iPhone.ActiveCfg = Debug|Any CPU
		{BF6BCFE6-7862-4B9F-878E-B3DBDA6AF1BB}.Debug|iPhone.Build.0 = Debug|Any CPU
		{BF6BCFE6-7862-4B9F-878E-B3DBDA6AF1BB}.Debug|iPhone.Deploy.0 = Debug|Any CPU
		{BF6BCFE6-7862-4B9F-878E-B3DBDA6AF1BB}.Debug|iPhoneSimulator.ActiveCfg = Debug|Any CPU
		{BF6BCFE6-7862-4B9F-878E-B3DBDA6AF1BB}.Debug|iPhoneSimulator.Build.0 = Debug|Any CPU
		{BF6BCFE6-7862-4B9F-878E-B3DBDA6AF1BB}.Debug|iPhoneSimulator.Deploy.0 = Debug|Any CPU
		{BF6BCFE6-7862-4B9F-878E-B3DBDA6AF1BB}.Debug|x64.ActiveCfg = Debug|Any CPU
		{BF6BCFE6-7862-4B9F-878E-B3DBDA6AF1BB}.Debug|x64.Build.0 = Debug|Any CPU
		{BF6BCFE6-7862-4B9F-878E-B3DBDA6AF1BB}.Debug|x64.Deploy.0 = Debug|Any CPU
		{BF6BCFE6-7862-4B9F-878E-B3DBDA6AF1BB}.Debug|x86.ActiveCfg = Debug|Any CPU
		{BF6BCFE6-7862-4B9F-878E-B3DBDA6AF1BB}.Debug|x86.Build.0 = Debug|Any CPU
		{BF6BCFE6-7862-4B9F-878E-B3DBDA6AF1BB}.Debug|x86.Deploy.0 = Debug|Any CPU
		{BF6BCFE6-7862-4B9F-878E-B3DBDA6AF1BB}.Release|Any CPU.ActiveCfg = Release|Any CPU
		{BF6BCFE6-7862-4B9F-878E-B3DBDA6AF1BB}.Release|Any CPU.Build.0 = Release|Any CPU
		{BF6BCFE6-7862-4B9F-878E-B3DBDA6AF1BB}.Release|Any CPU.Deploy.0 = Release|Any CPU
		{BF6BCFE6-7862-4B9F-878E-B3DBDA6AF1BB}.Release|ARM.ActiveCfg = Release|Any CPU
		{BF6BCFE6-7862-4B9F-878E-B3DBDA6AF1BB}.Release|ARM.Build.0 = Release|Any CPU
		{BF6BCFE6-7862-4B9F-878E-B3DBDA6AF1BB}.Release|ARM.Deploy.0 = Release|Any CPU
		{BF6BCFE6-7862-4B9F-878E-B3DBDA6AF1BB}.Release|iPhone.ActiveCfg = Release|Any CPU
		{BF6BCFE6-7862-4B9F-878E-B3DBDA6AF1BB}.Release|iPhone.Build.0 = Release|Any CPU
		{BF6BCFE6-7862-4B9F-878E-B3DBDA6AF1BB}.Release|iPhone.Deploy.0 = Release|Any CPU
		{BF6BCFE6-7862-4B9F-878E-B3DBDA6AF1BB}.Release|iPhoneSimulator.ActiveCfg = Release|Any CPU
		{BF6BCFE6-7862-4B9F-878E-B3DBDA6AF1BB}.Release|iPhoneSimulator.Build.0 = Release|Any CPU
		{BF6BCFE6-7862-4B9F-878E-B3DBDA6AF1BB}.Release|iPhoneSimulator.Deploy.0 = Release|Any CPU
		{BF6BCFE6-7862-4B9F-878E-B3DBDA6AF1BB}.Release|x64.ActiveCfg = Release|Any CPU
		{BF6BCFE6-7862-4B9F-878E-B3DBDA6AF1BB}.Release|x64.Build.0 = Release|Any CPU
		{BF6BCFE6-7862-4B9F-878E-B3DBDA6AF1BB}.Release|x64.Deploy.0 = Release|Any CPU
		{BF6BCFE6-7862-4B9F-878E-B3DBDA6AF1BB}.Release|x86.ActiveCfg = Release|Any CPU
		{BF6BCFE6-7862-4B9F-878E-B3DBDA6AF1BB}.Release|x86.Build.0 = Release|Any CPU
		{BF6BCFE6-7862-4B9F-878E-B3DBDA6AF1BB}.Release|x86.Deploy.0 = Release|Any CPU
	EndGlobalSection
	GlobalSection(SolutionProperties) = preSolution
		HideSolutionNode = FALSE
	EndGlobalSection
	GlobalSection(ExtensibilityGlobals) = postSolution
		SolutionGuid = {6C3A552E-E6F7-489A-A9F7-CD74AE0990CA}
	EndGlobalSection
EndGlobal
